// !$*UTF8*$!
{
	archiveVersion = 1;
	classes = {
	};
	objectVersion = 77;
	objects = {

/* Begin PBXContainerItemProxy section */
		59467DA62CD6B04700FF8EEB /* PBXContainerItemProxy */ = {
			isa = PBXContainerItemProxy;
			containerPortal = 59467D872CD6B04400FF8EEB /* Project object */;
			proxyType = 1;
			remoteGlobalIDString = 59467D8E2CD6B04500FF8EEB;
			remoteInfo = uusr;
		};
		59467DB02CD6B04700FF8EEB /* PBXContainerItemProxy */ = {
			isa = PBXContainerItemProxy;
			containerPortal = 59467D872CD6B04400FF8EEB /* Project object */;
			proxyType = 1;
			remoteGlobalIDString = 59467D8E2CD6B04500FF8EEB;
			remoteInfo = uusr;
		};
/* End PBXContainerItemProxy section */

/* Begin PBXFileReference section */
		59467D8F2CD6B04500FF8EEB /* uusr.app */ = {isa = PBXFileReference; explicitFileType = wrapper.application; includeInIndex = 0; path = uusr.app; sourceTree = BUILT_PRODUCTS_DIR; };
		59467DA52CD6B04700FF8EEB /* uusrTests.xctest */ = {isa = PBXFileReference; explicitFileType = wrapper.cfbundle; includeInIndex = 0; path = uusrTests.xctest; sourceTree = BUILT_PRODUCTS_DIR; };
		59467DAF2CD6B04700FF8EEB /* uusrUITests.xctest */ = {isa = PBXFileReference; explicitFileType = wrapper.cfbundle; includeInIndex = 0; path = uusrUITests.xctest; sourceTree = BUILT_PRODUCTS_DIR; };
/* End PBXFileReference section */

/* Begin PBXFileSystemSynchronizedBuildFileExceptionSet section */
		59467DB72CD6B04700FF8EEB /* Exceptions for "uusr" folder in "uusr" target */ = {
			isa = PBXFileSystemSynchronizedBuildFileExceptionSet;
			membershipExceptions = (
				Info.plist,
			);
			target = 59467D8E2CD6B04500FF8EEB /* uusr */;
		};
/* End PBXFileSystemSynchronizedBuildFileExceptionSet section */

/* Begin PBXFileSystemSynchronizedRootGroup section */
		59467D912CD6B04500FF8EEB /* uusr */ = {
			isa = PBXFileSystemSynchronizedRootGroup;
			exceptions = (
				59467DB72CD6B04700FF8EEB /* Exceptions for "uusr" folder in "uusr" target */,
			);
			path = uusr;
			sourceTree = "<group>";
		};
		59467DA82CD6B04700FF8EEB /* uusrTests */ = {
			isa = PBXFileSystemSynchronizedRootGroup;
			path = uusrTests;
			sourceTree = "<group>";
		};
		59467DB22CD6B04700FF8EEB /* uusrUITests */ = {
			isa = PBXFileSystemSynchronizedRootGroup;
			path = uusrUITests;
			sourceTree = "<group>";
		};
/* End PBXFileSystemSynchronizedRootGroup section */

/* Begin PBXFrameworksBuildPhase section */
		59467D8C2CD6B04500FF8EEB /* Frameworks */ = {
			isa = PBXFrameworksBuildPhase;
			buildActionMask = 2147483647;
			files = (
			);
			runOnlyForDeploymentPostprocessing = 0;
		};
		59467DA22CD6B04700FF8EEB /* Frameworks */ = {
			isa = PBXFrameworksBuildPhase;
			buildActionMask = 2147483647;
			files = (
			);
			runOnlyForDeploymentPostprocessing = 0;
		};
		59467DAC2CD6B04700FF8EEB /* Frameworks */ = {
			isa = PBXFrameworksBuildPhase;
			buildActionMask = 2147483647;
			files = (
			);
			runOnlyForDeploymentPostprocessing = 0;
		};
/* End PBXFrameworksBuildPhase section */

/* Begin PBXGroup section */
		59467D862CD6B04400FF8EEB = {
			isa = PBXGroup;
			children = (
				59467D912CD6B04500FF8EEB /* uusr */,
				59467DA82CD6B04700FF8EEB /* uusrTests */,
				59467DB22CD6B04700FF8EEB /* uusrUITests */,
				59467D902CD6B04500FF8EEB /* Products */,
			);
			sourceTree = "<group>";
		};
		59467D902CD6B04500FF8EEB /* Products */ = {
			isa = PBXGroup;
			children = (
				59467D8F2CD6B04500FF8EEB /* uusr.app */,
				59467DA52CD6B04700FF8EEB /* uusrTests.xctest */,
				59467DAF2CD6B04700FF8EEB /* uusrUITests.xctest */,
			);
			name = Products;
			sourceTree = "<group>";
		};
/* End PBXGroup section */

/* Begin PBXNativeTarget section */
		59467D8E2CD6B04500FF8EEB /* uusr */ = {
			isa = PBXNativeTarget;
			buildConfigurationList = 59467DB82CD6B04700FF8EEB /* Build configuration list for PBXNativeTarget "uusr" */;
			buildPhases = (
				59467D8B2CD6B04500FF8EEB /* Sources */,
				59467D8C2CD6B04500FF8EEB /* Frameworks */,
				59467D8D2CD6B04500FF8EEB /* Resources */,
			);
			buildRules = (
			);
			dependencies = (
			);
			fileSystemSynchronizedGroups = (
				59467D912CD6B04500FF8EEB /* uusr */,
			);
			name = uusr;
			packageProductDependencies = (
			);
			productName = uusr;
			productReference = 59467D8F2CD6B04500FF8EEB /* uusr.app */;
			productType = "com.apple.product-type.application";
		};
		59467DA42CD6B04700FF8EEB /* uusrTests */ = {
			isa = PBXNativeTarget;
			buildConfigurationList = 59467DBD2CD6B04700FF8EEB /* Build configuration list for PBXNativeTarget "uusrTests" */;
			buildPhases = (
				59467DA12CD6B04700FF8EEB /* Sources */,
				59467DA22CD6B04700FF8EEB /* Frameworks */,
				59467DA32CD6B04700FF8EEB /* Resources */,
			);
			buildRules = (
			);
			dependencies = (
				59467DA72CD6B04700FF8EEB /* PBXTargetDependency */,
			);
			fileSystemSynchronizedGroups = (
				59467DA82CD6B04700FF8EEB /* uusrTests */,
			);
			name = uusrTests;
			packageProductDependencies = (
			);
			productName = uusrTests;
			productReference = 59467DA52CD6B04700FF8EEB /* uusrTests.xctest */;
			productType = "com.apple.product-type.bundle.unit-test";
		};
		59467DAE2CD6B04700FF8EEB /* uusrUITests */ = {
			isa = PBXNativeTarget;
			buildConfigurationList = 59467DC02CD6B04700FF8EEB /* Build configuration list for PBXNativeTarget "uusrUITests" */;
			buildPhases = (
				59467DAB2CD6B04700FF8EEB /* Sources */,
				59467DAC2CD6B04700FF8EEB /* Frameworks */,
				59467DAD2CD6B04700FF8EEB /* Resources */,
			);
			buildRules = (
			);
			dependencies = (
				59467DB12CD6B04700FF8EEB /* PBXTargetDependency */,
			);
			fileSystemSynchronizedGroups = (
				59467DB22CD6B04700FF8EEB /* uusrUITests */,
			);
			name = uusrUITests;
			packageProductDependencies = (
			);
			productName = uusrUITests;
			productReference = 59467DAF2CD6B04700FF8EEB /* uusrUITests.xctest */;
			productType = "com.apple.product-type.bundle.ui-testing";
		};
/* End PBXNativeTarget section */

/* Begin PBXProject section */
		59467D872CD6B04400FF8EEB /* Project object */ = {
			isa = PBXProject;
			attributes = {
				BuildIndependentTargetsInParallel = 1;
				LastSwiftUpdateCheck = 1610;
				LastUpgradeCheck = 1610;
				TargetAttributes = {
					59467D8E2CD6B04500FF8EEB = {
						CreatedOnToolsVersion = 16.1;
					};
					59467DA42CD6B04700FF8EEB = {
						CreatedOnToolsVersion = 16.1;
						TestTargetID = 59467D8E2CD6B04500FF8EEB;
					};
					59467DAE2CD6B04700FF8EEB = {
						CreatedOnToolsVersion = 16.1;
						TestTargetID = 59467D8E2CD6B04500FF8EEB;
					};
				};
			};
			buildConfigurationList = 59467D8A2CD6B04400FF8EEB /* Build configuration list for PBXProject "uusr" */;
			developmentRegion = en;
			hasScannedForEncodings = 0;
			knownRegions = (
				en,
				Base,
			);
			mainGroup = 59467D862CD6B04400FF8EEB;
			minimizedProjectReferenceProxies = 1;
			preferredProjectObjectVersion = 77;
			productRefGroup = 59467D902CD6B04500FF8EEB /* Products */;
			projectDirPath = "";
			projectRoot = "";
			targets = (
				59467D8E2CD6B04500FF8EEB /* uusr */,
				59467DA42CD6B04700FF8EEB /* uusrTests */,
				59467DAE2CD6B04700FF8EEB /* uusrUITests */,
			);
		};
/* End PBXProject section */

/* Begin PBXResourcesBuildPhase section */
		59467D8D2CD6B04500FF8EEB /* Resources */ = {
			isa = PBXResourcesBuildPhase;
			buildActionMask = 2147483647;
			files = (
			);
			runOnlyForDeploymentPostprocessing = 0;
		};
		59467DA32CD6B04700FF8EEB /* Resources */ = {
			isa = PBXResourcesBuildPhase;
			buildActionMask = 2147483647;
			files = (
			);
			runOnlyForDeploymentPostprocessing = 0;
		};
		59467DAD2CD6B04700FF8EEB /* Resources */ = {
			isa = PBXResourcesBuildPhase;
			buildActionMask = 2147483647;
			files = (
			);
			runOnlyForDeploymentPostprocessing = 0;
		};
/* End PBXResourcesBuildPhase section */

/* Begin PBXSourcesBuildPhase section */
		59467D8B2CD6B04500FF8EEB /* Sources */ = {
			isa = PBXSourcesBuildPhase;
			buildActionMask = 2147483647;
			files = (
			);
			runOnlyForDeploymentPostprocessing = 0;
		};
		59467DA12CD6B04700FF8EEB /* Sources */ = {
			isa = PBXSourcesBuildPhase;
			buildActionMask = 2147483647;
			files = (
			);
			runOnlyForDeploymentPostprocessing = 0;
		};
		59467DAB2CD6B04700FF8EEB /* Sources */ = {
			isa = PBXSourcesBuildPhase;
			buildActionMask = 2147483647;
			files = (
			);
			runOnlyForDeploymentPostprocessing = 0;
		};
/* End PBXSourcesBuildPhase section */

/* Begin PBXTargetDependency section */
		59467DA72CD6B04700FF8EEB /* PBXTargetDependency */ = {
			isa = PBXTargetDependency;
			target = 59467D8E2CD6B04500FF8EEB /* uusr */;
			targetProxy = 59467DA62CD6B04700FF8EEB /* PBXContainerItemProxy */;
		};
		59467DB12CD6B04700FF8EEB /* PBXTargetDependency */ = {
			isa = PBXTargetDependency;
			target = 59467D8E2CD6B04500FF8EEB /* uusr */;
			targetProxy = 59467DB02CD6B04700FF8EEB /* PBXContainerItemProxy */;
		};
/* End PBXTargetDependency section */

/* Begin XCBuildConfiguration section */
		59467DB92CD6B04700FF8EEB /* Debug */ = {
			isa = XCBuildConfiguration;
			buildSettings = {
				ASSETCATALOG_COMPILER_APPICON_NAME = AppIcon;
				ASSETCATALOG_COMPILER_GLOBAL_ACCENT_COLOR_NAME = AccentColor;
				CODE_SIGN_STYLE = Automatic;
				CURRENT_PROJECT_VERSION = 1;
				GENERATE_INFOPLIST_FILE = YES;
				INFOPLIST_FILE = uusr/Info.plist;
				INFOPLIST_KEY_UIApplicationSupportsIndirectInputEvents = YES;
				INFOPLIST_KEY_UILaunchStoryboardName = LaunchScreen;
				INFOPLIST_KEY_UIMainStoryboardFile = Main;
				INFOPLIST_KEY_UISupportedInterfaceOrientations_iPad = "UIInterfaceOrientationPortrait UIInterfaceOrientationPortraitUpsideDown UIInterfaceOrientationLandscapeLeft UIInterfaceOrientationLandscapeRight";
				INFOPLIST_KEY_UISupportedInterfaceOrientations_iPhone = "UIInterfaceOrientationPortrait UIInterfaceOrientationLandscapeLeft UIInterfaceOrientationLandscapeRight";
				LD_RUNPATH_SEARCH_PATHS = (
					"$(inherited)",
					"@executable_path/Frameworks",
				);
				MARKETING_VERSION = 1.0;
				PRODUCT_BUNDLE_IDENTIFIER = ca.btechmobileapp.uusr;
				PRODUCT_NAME = "$(TARGET_NAME)";
				SWIFT_EMIT_LOC_STRINGS = YES;
				SWIFT_VERSION = 5.0;
				TARGETED_DEVICE_FAMILY = "1,2";
			};
			name = Debug;
		};
		59467DBA2CD6B04700FF8EEB /* Release */ = {
			isa = XCBuildConfiguration;
			buildSettings = {
				ASSETCATALOG_COMPILER_APPICON_NAME = AppIcon;
				ASSETCATALOG_COMPILER_GLOBAL_ACCENT_COLOR_NAME = AccentColor;
				CODE_SIGN_STYLE = Automatic;
				CURRENT_PROJECT_VERSION = 1;
				GENERATE_INFOPLIST_FILE = YES;
				INFOPLIST_FILE = uusr/Info.plist;
				INFOPLIST_KEY_UIApplicationSupportsIndirectInputEvents = YES;
				INFOPLIST_KEY_UILaunchStoryboardName = LaunchScreen;
				INFOPLIST_KEY_UIMainStoryboardFile = Main;
				INFOPLIST_KEY_UISupportedInterfaceOrientations_iPad = "UIInterfaceOrientationPortrait UIInterfaceOrientationPortraitUpsideDown UIInterfaceOrientationLandscapeLeft UIInterfaceOrientationLandscapeRight";
				INFOPLIST_KEY_UISupportedInterfaceOrientations_iPhone = "UIInterfaceOrientationPortrait UIInterfaceOrientationLandscapeLeft UIInterfaceOrientationLandscapeRight";
				LD_RUNPATH_SEARCH_PATHS = (
					"$(inherited)",
					"@executable_path/Frameworks",
				);
				MARKETING_VERSION = 1.0;
				PRODUCT_BUNDLE_IDENTIFIER = ca.btechmobileapp.uusr;
				PRODUCT_NAME = "$(TARGET_NAME)";
				SWIFT_EMIT_LOC_STRINGS = YES;
				SWIFT_VERSION = 5.0;
				TARGETED_DEVICE_FAMILY = "1,2";
			};
			name = Release;
		};
		59467DBB2CD6B04700FF8EEB /* Debug */ = {
			isa = XCBuildConfiguration;
			buildSettings = {
				ALWAYS_SEARCH_USER_PATHS = NO;
				ASSETCATALOG_COMPILER_GENERATE_SWIFT_ASSET_SYMBOL_EXTENSIONS = YES;
				CLANG_ANALYZER_NONNULL = YES;
				CLANG_ANALYZER_NUMBER_OBJECT_CONVERSION = YES_AGGRESSIVE;
				CLANG_CXX_LANGUAGE_STANDARD = "gnu++20";
				CLANG_ENABLE_MODULES = YES;
				CLANG_ENABLE_OBJC_ARC = YES;
				CLANG_ENABLE_OBJC_WEAK = YES;
				CLANG_WARN_BLOCK_CAPTURE_AUTORELEASING = YES;
				CLANG_WARN_BOOL_CONVERSION = YES;
				CLANG_WARN_COMMA = YES;
				CLANG_WARN_CONSTANT_CONVERSION = YES;
				CLANG_WARN_DEPRECATED_OBJC_IMPLEMENTATIONS = YES;
				CLANG_WARN_DIRECT_OBJC_ISA_USAGE = YES_ERROR;
				CLANG_WARN_DOCUMENTATION_COMMENTS = YES;
				CLANG_WARN_EMPTY_BODY = YES;
				CLANG_WARN_ENUM_CONVERSION = YES;
				CLANG_WARN_INFINITE_RECURSION = YES;
				CLANG_WARN_INT_CONVERSION = YES;
				CLANG_WARN_NON_LITERAL_NULL_CONVERSION = YES;
				CLANG_WARN_OBJC_IMPLICIT_RETAIN_SELF = YES;
				CLANG_WARN_OBJC_LITERAL_CONVERSION = YES;
				CLANG_WARN_OBJC_ROOT_CLASS = YES_ERROR;
				CLANG_WARN_QUOTED_INCLUDE_IN_FRAMEWORK_HEADER = YES;
				CLANG_WARN_RANGE_LOOP_ANALYSIS = YES;
				CLANG_WARN_STRICT_PROTOTYPES = YES;
				CLANG_WARN_SUSPICIOUS_MOVE = YES;
				CLANG_WARN_UNGUARDED_AVAILABILITY = YES_AGGRESSIVE;
				CLANG_WARN_UNREACHABLE_CODE = YES;
				CLANG_WARN__DUPLICATE_METHOD_MATCH = YES;
				COPY_PHASE_STRIP = NO;
				DEBUG_INFORMATION_FORMAT = dwarf;
				ENABLE_STRICT_OBJC_MSGSEND = YES;
				ENABLE_TESTABILITY = YES;
				ENABLE_USER_SCRIPT_SANDBOXING = YES;
				GCC_C_LANGUAGE_STANDARD = gnu17;
				GCC_DYNAMIC_NO_PIC = NO;
				GCC_NO_COMMON_BLOCKS = YES;
				GCC_OPTIMIZATION_LEVEL = 0;
				GCC_PREPROCESSOR_DEFINITIONS = (
					"DEBUG=1",
					"$(inherited)",
				);
				GCC_WARN_64_TO_32_BIT_CONVERSION = YES;
				GCC_WARN_ABOUT_RETURN_TYPE = YES_ERROR;
				GCC_WARN_UNDECLARED_SELECTOR = YES;
				GCC_WARN_UNINITIALIZED_AUTOS = YES_AGGRESSIVE;
				GCC_WARN_UNUSED_FUNCTION = YES;
				GCC_WARN_UNUSED_VARIABLE = YES;
				IPHONEOS_DEPLOYMENT_TARGET = 18.1;
				LOCALIZATION_PREFERS_STRING_CATALOGS = YES;
				MTL_ENABLE_DEBUG_INFO = INCLUDE_SOURCE;
				MTL_FAST_MATH = YES;
				ONLY_ACTIVE_ARCH = YES;
				SDKROOT = iphoneos;
				SWIFT_ACTIVE_COMPILATION_CONDITIONS = "DEBUG $(inherited)";
				SWIFT_OPTIMIZATION_LEVEL = "-Onone";
			};
			name = Debug;
		};
		59467DBC2CD6B04700FF8EEB /* Release */ = {
			isa = XCBuildConfiguration;
			buildSettings = {
				ALWAYS_SEARCH_USER_PATHS = NO;
				ASSETCATALOG_COMPILER_GENERATE_SWIFT_ASSET_SYMBOL_EXTENSIONS = YES;
				CLANG_ANALYZER_NONNULL = YES;
				CLANG_ANALYZER_NUMBER_OBJECT_CONVERSION = YES_AGGRESSIVE;
				CLANG_CXX_LANGUAGE_STANDARD = "gnu++20";
				CLANG_ENABLE_MODULES = YES;
				CLANG_ENABLE_OBJC_ARC = YES;
				CLANG_ENABLE_OBJC_WEAK = YES;
				CLANG_WARN_BLOCK_CAPTURE_AUTORELEASING = YES;
				CLANG_WARN_BOOL_CONVERSION = YES;
				CLANG_WARN_COMMA = YES;
				CLANG_WARN_CONSTANT_CONVERSION = YES;
				CLANG_WARN_DEPRECATED_OBJC_IMPLEMENTATIONS = YES;
				CLANG_WARN_DIRECT_OBJC_ISA_USAGE = YES_ERROR;
				CLANG_WARN_DOCUMENTATION_COMMENTS = YES;
				CLANG_WARN_EMPTY_BODY = YES;
				CLANG_WARN_ENUM_CONVERSION = YES;
				CLANG_WARN_INFINITE_RECURSION = YES;
				CLANG_WARN_INT_CONVERSION = YES;
				CLANG_WARN_NON_LITERAL_NULL_CONVERSION = YES;
				CLANG_WARN_OBJC_IMPLICIT_RETAIN_SELF = YES;
				CLANG_WARN_OBJC_LITERAL_CONVERSION = YES;
				CLANG_WARN_OBJC_ROOT_CLASS = YES_ERROR;
				CLANG_WARN_QUOTED_INCLUDE_IN_FRAMEWORK_HEADER = YES;
				CLANG_WARN_RANGE_LOOP_ANALYSIS = YES;
				CLANG_WARN_STRICT_PROTOTYPES = YES;
				CLANG_WARN_SUSPICIOUS_MOVE = YES;
				CLANG_WARN_UNGUARDED_AVAILABILITY = YES_AGGRESSIVE;
				CLANG_WARN_UNREACHABLE_CODE = YES;
				CLANG_WARN__DUPLICATE_METHOD_MATCH = YES;
				COPY_PHASE_STRIP = NO;
				DEBUG_INFORMATION_FORMAT = "dwarf-with-dsym";
				ENABLE_NS_ASSERTIONS = NO;
				ENABLE_STRICT_OBJC_MSGSEND = YES;
				ENABLE_USER_SCRIPT_SANDBOXING = YES;
				GCC_C_LANGUAGE_STANDARD = gnu17;
				GCC_NO_COMMON_BLOCKS = YES;
				GCC_WARN_64_TO_32_BIT_CONVERSION = YES;
				GCC_WARN_ABOUT_RETURN_TYPE = YES_ERROR;
				GCC_WARN_UNDECLARED_SELECTOR = YES;
				GCC_WARN_UNINITIALIZED_AUTOS = YES_AGGRESSIVE;
				GCC_WARN_UNUSED_FUNCTION = YES;
				GCC_WARN_UNUSED_VARIABLE = YES;
				IPHONEOS_DEPLOYMENT_TARGET = 18.1;
				LOCALIZATION_PREFERS_STRING_CATALOGS = YES;
				MTL_ENABLE_DEBUG_INFO = NO;
				MTL_FAST_MATH = YES;
				SDKROOT = iphoneos;
				SWIFT_COMPILATION_MODE = wholemodule;
				VALIDATE_PRODUCT = YES;
			};
			name = Release;
		};
		59467DBE2CD6B04700FF8EEB /* Debug */ = {
			isa = XCBuildConfiguration;
			buildSettings = {
				BUNDLE_LOADER = "$(TEST_HOST)";
				CODE_SIGN_STYLE = Automatic;
				CURRENT_PROJECT_VERSION = 1;
				GENERATE_INFOPLIST_FILE = YES;
				IPHONEOS_DEPLOYMENT_TARGET = 18.1;
				MARKETING_VERSION = 1.0;
				PRODUCT_BUNDLE_IDENTIFIER = ca.btechmobileapp.uusrTests;
				PRODUCT_NAME = "$(TARGET_NAME)";
				SWIFT_EMIT_LOC_STRINGS = NO;
				SWIFT_VERSION = 5.0;
				TARGETED_DEVICE_FAMILY = "1,2";
				TEST_HOST = "$(BUILT_PRODUCTS_DIR)/uusr.app/$(BUNDLE_EXECUTABLE_FOLDER_PATH)/uusr";
			};
			name = Debug;
		};
		59467DBF2CD6B04700FF8EEB /* Release */ = {
			isa = XCBuildConfiguration;
			buildSettings = {
				BUNDLE_LOADER = "$(TEST_HOST)";
				CODE_SIGN_STYLE = Automatic;
				CURRENT_PROJECT_VERSION = 1;
				GENERATE_INFOPLIST_FILE = YES;
				IPHONEOS_DEPLOYMENT_TARGET = 18.1;
				MARKETING_VERSION = 1.0;
				PRODUCT_BUNDLE_IDENTIFIER = ca.btechmobileapp.uusrTests;
				PRODUCT_NAME = "$(TARGET_NAME)";
				SWIFT_EMIT_LOC_STRINGS = NO;
				SWIFT_VERSION = 5.0;
				TARGETED_DEVICE_FAMILY = "1,2";
				TEST_HOST = "$(BUILT_PRODUCTS_DIR)/uusr.app/$(BUNDLE_EXECUTABLE_FOLDER_PATH)/uusr";
			};
			name = Release;
		};
		59467DC12CD6B04700FF8EEB /* Debug */ = {
			isa = XCBuildConfiguration;
			buildSettings = {
				CODE_SIGN_STYLE = Automatic;
				CURRENT_PROJECT_VERSION = 1;
				GENERATE_INFOPLIST_FILE = YES;
				MARKETING_VERSION = 1.0;
				PRODUCT_BUNDLE_IDENTIFIER = ca.btechmobileapp.uusrUITests;
				PRODUCT_NAME = "$(TARGET_NAME)";
				SWIFT_EMIT_LOC_STRINGS = NO;
				SWIFT_VERSION = 5.0;
				TARGETED_DEVICE_FAMILY = "1,2";
				TEST_TARGET_NAME = uusr;
			};
			name = Debug;
		};
		59467DC22CD6B04700FF8EEB /* Release */ = {
			isa = XCBuildConfiguration;
			buildSettings = {
				CODE_SIGN_STYLE = Automatic;
				CURRENT_PROJECT_VERSION = 1;
				GENERATE_INFOPLIST_FILE = YES;
				MARKETING_VERSION = 1.0;
				PRODUCT_BUNDLE_IDENTIFIER = ca.btechmobileapp.uusrUITests;
				PRODUCT_NAME = "$(TARGET_NAME)";
				SWIFT_EMIT_LOC_STRINGS = NO;
				SWIFT_VERSION = 5.0;
				TARGETED_DEVICE_FAMILY = "1,2";
				TEST_TARGET_NAME = uusr;
			};
			name = Release;
		};
/* End XCBuildConfiguration section */

/* Begin XCConfigurationList section */
		59467D8A2CD6B04400FF8EEB /* Build configuration list for PBXProject "uusr" */ = {
			isa = XCConfigurationList;
			buildConfigurations = (
				59467DBB2CD6B04700FF8EEB /* Debug */,
				59467DBC2CD6B04700FF8EEB /* Release */,
			);
			defaultConfigurationIsVisible = 0;
			defaultConfigurationName = Release;
		};
		59467DB82CD6B04700FF8EEB /* Build configuration list for PBXNativeTarget "uusr" */ = {
			isa = XCConfigurationList;
			buildConfigurations = (
				59467DB92CD6B04700FF8EEB /* Debug */,
				59467DBA2CD6B04700FF8EEB /* Release */,
			);
			defaultConfigurationIsVisible = 0;
			defaultConfigurationName = Release;
		};
		59467DBD2CD6B04700FF8EEB /* Build configuration list for PBXNativeTarget "uusrTests" */ = {
			isa = XCConfigurationList;
			buildConfigurations = (
				59467DBE2CD6B04700FF8EEB /* Debug */,
				59467DBF2CD6B04700FF8EEB /* Release */,
			);
			defaultConfigurationIsVisible = 0;
			defaultConfigurationName = Release;
		};
		59467DC02CD6B04700FF8EEB /* Build configuration list for PBXNativeTarget "uusrUITests" */ = {
			isa = XCConfigurationList;
			buildConfigurations = (
				59467DC12CD6B04700FF8EEB /* Debug */,
				59467DC22CD6B04700FF8EEB /* Release */,
			);
			defaultConfigurationIsVisible = 0;
			defaultConfigurationName = Release;
		};
/* End XCConfigurationList section */
	};
	rootObject = 59467D872CD6B04400FF8EEB /* Project object */;
}
